// !$*UTF8*$!
{
	archiveVersion = 1;
	classes = {
	};
	objectVersion = 46;
	objects = {

/* Begin PBXBuildFile section */
		EEA882471DA42187009BF772 /* AppDelegate.swift in Sources */ = {isa = PBXBuildFile; fileRef = EEA882461DA42187009BF772 /* AppDelegate.swift */; };
		EEA882491DA42188009BF772 /* ViewController.swift in Sources */ = {isa = PBXBuildFile; fileRef = EEA882481DA42188009BF772 /* ViewController.swift */; };
		EEA8824C1DA42188009BF772 /* Main.storyboard in Resources */ = {isa = PBXBuildFile; fileRef = EEA8824A1DA42188009BF772 /* Main.storyboard */; };
		EEA8824E1DA42188009BF772 /* Assets.xcassets in Resources */ = {isa = PBXBuildFile; fileRef = EEA8824D1DA42188009BF772 /* Assets.xcassets */; };
		EEA882511DA42188009BF772 /* LaunchScreen.storyboard in Resources */ = {isa = PBXBuildFile; fileRef = EEA8824F1DA42188009BF772 /* LaunchScreen.storyboard */; };
/* End PBXBuildFile section */

/* Begin PBXFileReference section */
		EEA882431DA42187009BF772 /* GlobalTime.app */ = {isa = PBXFileReference; explicitFileType = wrapper.application; includeInIndex = 0; path = GlobalTime.app; sourceTree = BUILT_PRODUCTS_DIR; };
		EEA882461DA42187009BF772 /* AppDelegate.swift */ = {isa = PBXFileReference; lastKnownFileType = sourcecode.swift; path = AppDelegate.swift; sourceTree = "<group>"; };
		EEA882481DA42188009BF772 /* ViewController.swift */ = {isa = PBXFileReference; lastKnownFileType = sourcecode.swift; path = ViewController.swift; sourceTree = "<group>"; };
		EEA8824B1DA42188009BF772 /* Base */ = {isa = PBXFileReference; lastKnownFileType = file.storyboard; name = Base; path = Base.lproj/Main.storyboard; sourceTree = "<group>"; };
		EEA8824D1DA42188009BF772 /* Assets.xcassets */ = {isa = PBXFileReference; lastKnownFileType = folder.assetcatalog; path = Assets.xcassets; sourceTree = "<group>"; };
		EEA882501DA42188009BF772 /* Base */ = {isa = PBXFileReference; lastKnownFileType = file.storyboard; name = Base; path = Base.lproj/LaunchScreen.storyboard; sourceTree = "<group>"; };
		EEA882521DA42188009BF772 /* Info.plist */ = {isa = PBXFileReference; lastKnownFileType = text.plist.xml; path = Info.plist; sourceTree = "<group>"; };
/* End PBXFileReference section */

/* Begin PBXFrameworksBuildPhase section */
		EEA882401DA42187009BF772 /* Frameworks */ = {
			isa = PBXFrameworksBuildPhase;
			buildActionMask = 2147483647;
			files = (
			);
			runOnlyForDeploymentPostprocessing = 0;
		};
/* End PBXFrameworksBuildPhase section */

/* Begin PBXGroup section */
		EEA8823A1DA42187009BF772 = {
			isa = PBXGroup;
			children = (
				EEA882451DA42187009BF772 /* GlobalTime */,
				EEA882441DA42187009BF772 /* Products */,
			);
			sourceTree = "<group>";
		};
		EEA882441DA42187009BF772 /* Products */ = {
			isa = PBXGroup;
			children = (
				EEA882431DA42187009BF772 /* GlobalTime.app */,
			);
			name = Products;
			sourceTree = "<group>";
		};
		EEA882451DA42187009BF772 /* GlobalTime */ = {
			isa = PBXGroup;
			children = (
				EEA882461DA42187009BF772 /* AppDelegate.swift */,
				EEA882481DA42188009BF772 /* ViewController.swift */,
				EEA8824A1DA42188009BF772 /* Main.storyboard */,
				EEA8824D1DA42188009BF772 /* Assets.xcassets */,
				EEA8824F1DA42188009BF772 /* LaunchScreen.storyboard */,
				EEA882521DA42188009BF772 /* Info.plist */,
			);
			path = GlobalTime;
			sourceTree = "<group>";
		};
/* End PBXGroup section */

/* Begin PBXNativeTarget section */
		EEA882421DA42187009BF772 /* GlobalTime */ = {
			isa = PBXNativeTarget;
			buildConfigurationList = EEA882551DA42188009BF772 /* Build configuration list for PBXNativeTarget "GlobalTime" */;
			buildPhases = (
				EEA8823F1DA42187009BF772 /* Sources */,
				EEA882401DA42187009BF772 /* Frameworks */,
				EEA882411DA42187009BF772 /* Resources */,
			);
			buildRules = (
			);
			dependencies = (
			);
			name = GlobalTime;
			productName = GlobalTime;
			productReference = EEA882431DA42187009BF772 /* GlobalTime.app */;
			productType = "com.apple.product-type.application";
		};
/* End PBXNativeTarget section */

/* Begin PBXProject section */
		EEA8823B1DA42187009BF772 /* Project object */ = {
			isa = PBXProject;
			attributes = {
				LastSwiftUpdateCheck = 0800;
				LastUpgradeCheck = 0800;
				ORGANIZATIONNAME = "The Iron Yard";
				TargetAttributes = {
					EEA882421DA42187009BF772 = {
						CreatedOnToolsVersion = 8.0;
						DevelopmentTeam = X7U48SSVUK;
						ProvisioningStyle = Automatic;
					};
				};
			};
			buildConfigurationList = EEA8823E1DA42187009BF772 /* Build configuration list for PBXProject "GlobalTime" */;
			compatibilityVersion = "Xcode 3.2";
			developmentRegion = English;
			hasScannedForEncodings = 0;
			knownRegions = (
				en,
				Base,
			);
			mainGroup = EEA8823A1DA42187009BF772;
			productRefGroup = EEA882441DA42187009BF772 /* Products */;
			projectDirPath = "";
			projectRoot = "";
			targets = (
				EEA882421DA42187009BF772 /* GlobalTime */,
			);
		};
/* End PBXProject section */

/* Begin PBXResourcesBuildPhase section */
		EEA882411DA42187009BF772 /* Resources */ = {
			isa = PBXResourcesBuildPhase;
			buildActionMask = 2147483647;
			files = (
				EEA882511DA42188009BF772 /* LaunchScreen.storyboard in Resources */,
				EEA8824E1DA42188009BF772 /* Assets.xcassets in Resources */,
				EEA8824C1DA42188009BF772 /* Main.storyboard in Resources */,
			);
			runOnlyForDeploymentPostprocessing = 0;
		};
/* End PBXResourcesBuildPhase section */

/* Begin PBXSourcesBuildPhase section */
		EEA8823F1DA42187009BF772 /* Sources */ = {
			isa = PBXSourcesBuildPhase;
			buildActionMask = 2147483647;
			files = (
				EEA882491DA42188009BF772 /* ViewController.swift in Sources */,
				EEA882471DA42187009BF772 /* AppDelegate.swift in Sources */,
			);
			runOnlyForDeploymentPostprocessing = 0;
		};
/* End PBXSourcesBuildPhase section */

/* Begin PBXVariantGroup section */
		EEA8824A1DA42188009BF772 /* Main.storyboard */ = {
			isa = PBXVariantGroup;
			children = (
				EEA8824B1DA42188009BF772 /* Base */,
			);
			name = Main.storyboard;
			sourceTree = "<group>";
		};
		EEA8824F1DA42188009BF772 /* LaunchScreen.storyboard */ = {
			isa = PBXVariantGroup;
			children = (
				EEA882501DA42188009BF772 /* Base */,
			);
			name = LaunchScreen.storyboard;
			sourceTree = "<group>";
		};
/* End PBXVariantGroup section */

/* Begin XCBuildConfiguration section */
		EEA882531DA42188009BF772 /* Debug */ = {
			isa = XCBuildConfiguration;
			buildSettings = {
				ALWAYS_SEARCH_USER_PATHS = NO;
				CLANG_ANALYZER_NONNULL = YES;
				CLANG_CXX_LANGUAGE_STANDARD = "gnu++0x";
				CLANG_CXX_LIBRARY = "libc++";
				CLANG_ENABLE_MODULES = YES;
				CLANG_ENABLE_OBJC_ARC = YES;
				CLANG_WARN_BOOL_CONVERSION = YES;
				CLANG_WARN_CONSTANT_CONVERSION = YES;
				CLANG_WARN_DIRECT_OBJC_ISA_USAGE = YES_ERROR;
				CLANG_WARN_DOCUMENTATION_COMMENTS = YES;
				CLANG_WARN_EMPTY_BODY = YES;
				CLANG_WARN_ENUM_CONVERSION = YES;
				CLANG_WARN_INFINITE_RECURSION = YES;
				CLANG_WARN_INT_CONVERSION = YES;
				CLANG_WARN_OBJC_ROOT_CLASS = YES_ERROR;
				CLANG_WARN_SUSPICIOUS_MOVES = YES;
				CLANG_WARN_UNREACHABLE_CODE = YES;
				CLANG_WARN__DUPLICATE_METHOD_MATCH = YES;
				"CODE_SIGN_IDENTITY[sdk=iphoneos*]" = "iPhone Developer";
				COPY_PHASE_STRIP = NO;
				DEBUG_INFORMATION_FORMAT = dwarf;
				ENABLE_STRICT_OBJC_MSGSEND = YES;
				ENABLE_TESTABILITY = YES;
				GCC_C_LANGUAGE_STANDARD = gnu99;
				GCC_DYNAMIC_NO_PIC = NO;
				GCC_NO_COMMON_BLOCKS = YES;
				GCC_OPTIMIZATION_LEVEL = 0;
				GCC_PREPROCESSOR_DEFINITIONS = (
					"DEBUG=1",
					"$(inherited)",
				);
				GCC_WARN_64_TO_32_BIT_CONVERSION = YES;
				GCC_WARN_ABOUT_RETURN_TYPE = YES_ERROR;
				GCC_WARN_UNDECLARED_SELECTOR = YES;
				GCC_WARN_UNINITIALIZED_AUTOS = YES_AGGRESSIVE;
				GCC_WARN_UNUSED_FUNCTION = YES;
				GCC_WARN_UNUSED_VARIABLE = YES;
				IPHONEOS_DEPLOYMENT_TARGET = 10.0;
				MTL_ENABLE_DEBUG_INFO = YES;
				ONLY_ACTIVE_ARCH = YES;
				SDKROOT = iphoneos;
				SWIFT_ACTIVE_COMPILATION_CONDITIONS = DEBUG;
				SWIFT_OPTIMIZATION_LEVEL = "-Onone";
			};
			name = Debug;
		};
		EEA882541DA42188009BF772 /* Release */ = {
			isa = XCBuildConfiguration;
			buildSettings = {
				ALWAYS_SEARCH_USER_PATHS = NO;
				CLANG_ANALYZER_NONNULL = YES;
				CLANG_CXX_LANGUAGE_STANDARD = "gnu++0x";
				CLANG_CXX_LIBRARY = "libc++";
				CLANG_ENABLE_MODULES = YES;
				CLANG_ENABLE_OBJC_ARC = YES;
				CLANG_WARN_BOOL_CONVERSION = YES;
				CLANG_WARN_CONSTANT_CONVERSION = YES;
				CLANG_WARN_DIRECT_OBJC_ISA_USAGE = YES_ERROR;
				CLANG_WARN_DOCUMENTATION_COMMENTS = YES;
				CLANG_WARN_EMPTY_BODY = YES;
				CLANG_WARN_ENUM_CONVERSION = YES;
				CLANG_WARN_INFINITE_RECURSION = YES;
				CLANG_WARN_INT_CONVERSION = YES;
				CLANG_WARN_OBJC_ROOT_CLASS = YES_ERROR;
				CLANG_WARN_SUSPICIOUS_MOVES = YES;
				CLANG_WARN_UNREACHABLE_CODE = YES;
				CLANG_WARN__DUPLICATE_METHOD_MATCH = YES;
				"CODE_SIGN_IDENTITY[sdk=iphoneos*]" = "iPhone Developer";
				COPY_PHASE_STRIP = NO;
				DEBUG_INFORMATION_FORMAT = "dwarf-with-dsym";
				ENABLE_NS_ASSERTIONS = NO;
				ENABLE_STRICT_OBJC_MSGSEND = YES;
				GCC_C_LANGUAGE_STANDARD = gnu99;
				GCC_NO_COMMON_BLOCKS = YES;
				GCC_WARN_64_TO_32_BIT_CONVERSION = YES;
				GCC_WARN_ABOUT_RETURN_TYPE = YES_ERROR;
				GCC_WARN_UNDECLARED_SELECTOR = YES;
				GCC_WARN_UNINITIALIZED_AUTOS = YES_AGGRESSIVE;
				GCC_WARN_UNUSED_FUNCTION = YES;
				GCC_WARN_UNUSED_VARIABLE = YES;
				IPHONEOS_DEPLOYMENT_TARGET = 10.0;
				MTL_ENABLE_DEBUG_INFO = NO;
				SDKROOT = iphoneos;
				SWIFT_OPTIMIZATION_LEVEL = "-Owholemodule";
				VALIDATE_PRODUCT = YES;
			};
			name = Release;
		};
		EEA882561DA42188009BF772 /* Debug */ = {
			isa = XCBuildConfiguration;
			buildSettings = {
				ASSETCATALOG_COMPILER_APPICON_NAME = AppIcon;
				DEVELOPMENT_TEAM = X7U48SSVUK;
				INFOPLIST_FILE = GlobalTime/Info.plist;
				LD_RUNPATH_SEARCH_PATHS = "$(inherited) @executable_path/Frameworks";
				PRODUCT_BUNDLE_IDENTIFIER = com.tiy.GlobalTime;
				PRODUCT_NAME = "$(TARGET_NAME)";
				SWIFT_VERSION = 3.0;
			};
			name = Debug;
		};
		EEA882571DA42188009BF772 /* Release */ = {
			isa = XCBuildConfiguration;
			buildSettings = {
				ASSETCATALOG_COMPILER_APPICON_NAME = AppIcon;
				DEVELOPMENT_TEAM = X7U48SSVUK;
				INFOPLIST_FILE = GlobalTime/Info.plist;
				LD_RUNPATH_SEARCH_PATHS = "$(inherited) @executable_path/Frameworks";
				PRODUCT_BUNDLE_IDENTIFIER = com.tiy.GlobalTime;
				PRODUCT_NAME = "$(TARGET_NAME)";
				SWIFT_VERSION = 3.0;
			};
			name = Release;
		};
/* End XCBuildConfiguration section */

/* Begin XCConfigurationList section */
		EEA8823E1DA42187009BF772 /* Build configuration list for PBXProject "GlobalTime" */ = {
			isa = XCConfigurationList;
			buildConfigurations = (
				EEA882531DA42188009BF772 /* Debug */,
				EEA882541DA42188009BF772 /* Release */,
			);
			defaultConfigurationIsVisible = 0;
			defaultConfigurationName = Release;
		};
		EEA882551DA42188009BF772 /* Build configuration list for PBXNativeTarget "GlobalTime" */ = {
			isa = XCConfigurationList;
			buildConfigurations = (
				EEA882561DA42188009BF772 /* Debug */,
				EEA882571DA42188009BF772 /* Release */,
			);
			defaultConfigurationIsVisible = 0;
		};
/* End XCConfigurationList section */
	};
	rootObject = EEA8823B1DA42187009BF772 /* Project object */;
}
